
Microsoft Visual Studio Solution File, Format Version 12.00
# Visual Studio 15
Project("{FAE04EC0-301F-11D3-BF4B-00C04F79EFBC}") = "Assembly-CSharp", "Assembly-CSharp.csproj", "{DFC191E3-889F-1F78-0E1F-FFFAF095825E}"
EndProject
Global
	GlobalSection(SolutionConfigurationPlatforms) = preSolution
		Debug|Any CPU = Debug|Any CPU
		Release|Any CPU = Release|Any CPU
	EndGlobalSection
	GlobalSection(ProjectConfigurationPlatforms) = postSolution
		{DFC191E3-889F-1F78-0E1F-FFFAF095825E}.Debug|Any CPU.ActiveCfg = Debug|Any CPU
		{DFC191E3-889F-1F78-0E1F-FFFAF095825E}.Debug|Any CPU.Build.0 = Debug|Any CPU
		{DFC191E3-889F-1F78-0E1F-FFFAF095825E}.Release|Any CPU.ActiveCfg = Release|Any CPU
		{DFC191E3-889F-1F78-0E1F-FFFAF095825E}.Release|Any CPU.Build.0 = Release|Any CPU
	EndGlobalSection
	GlobalSection(SolutionProperties) = preSolution
		HideSolutionNode = FALSE
	EndGlobalSection
EndGlobal
