
Microsoft Visual Studio Solution File, Format Version 11.00
# Visual Studio 2010
Project("{FAE04EC0-301F-11D3-BF4B-00C04F79EFBC}") = "Scripts", "Scripts.csproj", "{457259b4-84c6-9053-b020-37a00ffb73bc}"
EndProject
Project("{FAE04EC0-301F-11D3-BF4B-00C04F79EFBC}") = "Tests", "Tests.csproj", "{3b144900-d033-8461-7aa3-526040e2152f}"
EndProject
Global
	GlobalSection(SolutionConfigurationPlatforms) = preSolution
		Debug|Any CPU = Debug|Any CPU
	EndGlobalSection
	GlobalSection(ProjectConfigurationPlatforms) = postSolution
		{457259b4-84c6-9053-b020-37a00ffb73bc}.Debug|Any CPU.ActiveCfg = Debug|Any CPU
		{457259b4-84c6-9053-b020-37a00ffb73bc}.Debug|Any CPU.Build.0 = Debug|Any CPU
		{3b144900-d033-8461-7aa3-526040e2152f}.Debug|Any CPU.ActiveCfg = Debug|Any CPU
		{3b144900-d033-8461-7aa3-526040e2152f}.Debug|Any CPU.Build.0 = Debug|Any CPU
	EndGlobalSection
	GlobalSection(SolutionProperties) = preSolution
		HideSolutionNode = FALSE
	EndGlobalSection
EndGlobal
